
Microsoft Visual Studio Solution File, Format Version 12.00
# Visual Studio 15
VisualStudioVersion = 15.0.27130.2027
MinimumVisualStudioVersion = 10.0.40219.1
Project("{888888A0-9F3D-457C-B088-3A5042F75D52}") = "WebProject1", "WebProject1\WebProject1.pyproj", "{293A56BF-1631-498C-AD34-44DEF0403251}"
EndProject
Global
	GlobalSection(SolutionConfigurationPlatforms) = preSolution
		Debug|Any CPU = Debug|Any CPU
		Release|Any CPU = Release|Any CPU
	EndGlobalSection
	GlobalSection(ProjectConfigurationPlatforms) = postSolution
		{293A56BF-1631-498C-AD34-44DEF0403251}.Debug|Any CPU.ActiveCfg = Debug|Any CPU
		{293A56BF-1631-498C-AD34-44DEF0403251}.Debug|Any CPU.Build.0 = Debug|Any CPU
		{293A56BF-1631-498C-AD34-44DEF0403251}.Release|Any CPU.ActiveCfg = Release|Any CPU
		{293A56BF-1631-498C-AD34-44DEF0403251}.Release|Any CPU.Build.0 = Release|Any CPU
	EndGlobalSection
	GlobalSection(SolutionProperties) = preSolution
		HideSolutionNode = FALSE
	EndGlobalSection
	GlobalSection(ExtensibilityGlobals) = postSolution
		SolutionGuid = {85A95803-5135-4B79-A3AC-0FEE81FC6A0A}
	EndGlobalSection
EndGlobal
